
Microsoft Visual Studio Solution File, Format Version 12.00
# Visual Studio Version 17
VisualStudioVersion = 17.0.31903.59
MinimumVisualStudioVersion = 10.0.40219.1
Project("{FAE04EC0-301F-11D3-BF4B-00C04F79EFBC}") = "BookSwapHub.Presentation", "BookSwapHub.Presentation\BookSwapHub.Presentation.csproj", "{93777222-B519-4D84-8048-B271DFDD6335}"
EndProject
Project("{FAE04EC0-301F-11D3-BF4B-00C04F79EFBC}") = "BookSwapHub.Infrastructure", "BookSwapHub.Infrastructure\BookSwapHub.Infrastructure.csproj", "{9FAC152E-8F06-4206-ADFF-47CDB10D2D91}"
EndProject
Project("{FAE04EC0-301F-11D3-BF4B-00C04F79EFBC}") = "BookSwapHub.Application", "BookSwapHub.Application\BookSwapHub.Application.csproj", "{B24CDF12-A6C6-4FC2-BF27-FDBAEFD6C55C}"
EndProject
Global
	GlobalSection(SolutionConfigurationPlatforms) = preSolution
		Debug|Any CPU = Debug|Any CPU
		Debug|x64 = Debug|x64
		Debug|x86 = Debug|x86
		Release|Any CPU = Release|Any CPU
		Release|x64 = Release|x64
		Release|x86 = Release|x86
	EndGlobalSection
	GlobalSection(ProjectConfigurationPlatforms) = postSolution
		{93777222-B519-4D84-8048-B271DFDD6335}.Debug|Any CPU.ActiveCfg = Debug|Any CPU
		{93777222-B519-4D84-8048-B271DFDD6335}.Debug|Any CPU.Build.0 = Debug|Any CPU
		{93777222-B519-4D84-8048-B271DFDD6335}.Debug|x64.ActiveCfg = Debug|Any CPU
		{93777222-B519-4D84-8048-B271DFDD6335}.Debug|x64.Build.0 = Debug|Any CPU
		{93777222-B519-4D84-8048-B271DFDD6335}.Debug|x86.ActiveCfg = Debug|Any CPU
		{93777222-B519-4D84-8048-B271DFDD6335}.Debug|x86.Build.0 = Debug|Any CPU
		{93777222-B519-4D84-8048-B271DFDD6335}.Release|Any CPU.ActiveCfg = Release|Any CPU
		{93777222-B519-4D84-8048-B271DFDD6335}.Release|Any CPU.Build.0 = Release|Any CPU
		{93777222-B519-4D84-8048-B271DFDD6335}.Release|x64.ActiveCfg = Release|Any CPU
		{93777222-B519-4D84-8048-B271DFDD6335}.Release|x64.Build.0 = Release|Any CPU
		{93777222-B519-4D84-8048-B271DFDD6335}.Release|x86.ActiveCfg = Release|Any CPU
		{93777222-B519-4D84-8048-B271DFDD6335}.Release|x86.Build.0 = Release|Any CPU
		{9FAC152E-8F06-4206-ADFF-47CDB10D2D91}.Debug|Any CPU.ActiveCfg = Debug|Any CPU
		{9FAC152E-8F06-4206-ADFF-47CDB10D2D91}.Debug|Any CPU.Build.0 = Debug|Any CPU
		{9FAC152E-8F06-4206-ADFF-47CDB10D2D91}.Debug|x64.ActiveCfg = Debug|Any CPU
		{9FAC152E-8F06-4206-ADFF-47CDB10D2D91}.Debug|x64.Build.0 = Debug|Any CPU
		{9FAC152E-8F06-4206-ADFF-47CDB10D2D91}.Debug|x86.ActiveCfg = Debug|Any CPU
		{9FAC152E-8F06-4206-ADFF-47CDB10D2D91}.Debug|x86.Build.0 = Debug|Any CPU
		{9FAC152E-8F06-4206-ADFF-47CDB10D2D91}.Release|Any CPU.ActiveCfg = Release|Any CPU
		{9FAC152E-8F06-4206-ADFF-47CDB10D2D91}.Release|Any CPU.Build.0 = Release|Any CPU
		{9FAC152E-8F06-4206-ADFF-47CDB10D2D91}.Release|x64.ActiveCfg = Release|Any CPU
		{9FAC152E-8F06-4206-ADFF-47CDB10D2D91}.Release|x64.Build.0 = Release|Any CPU
		{9FAC152E-8F06-4206-ADFF-47CDB10D2D91}.Release|x86.ActiveCfg = Release|Any CPU
		{9FAC152E-8F06-4206-ADFF-47CDB10D2D91}.Release|x86.Build.0 = Release|Any CPU
		{B24CDF12-A6C6-4FC2-BF27-FDBAEFD6C55C}.Debug|Any CPU.ActiveCfg = Debug|Any CPU
		{B24CDF12-A6C6-4FC2-BF27-FDBAEFD6C55C}.Debug|Any CPU.Build.0 = Debug|Any CPU
		{B24CDF12-A6C6-4FC2-BF27-FDBAEFD6C55C}.Debug|x64.ActiveCfg = Debug|Any CPU
		{B24CDF12-A6C6-4FC2-BF27-FDBAEFD6C55C}.Debug|x64.Build.0 = Debug|Any CPU
		{B24CDF12-A6C6-4FC2-BF27-FDBAEFD6C55C}.Debug|x86.ActiveCfg = Debug|Any CPU
		{B24CDF12-A6C6-4FC2-BF27-FDBAEFD6C55C}.Debug|x86.Build.0 = Debug|Any CPU
		{B24CDF12-A6C6-4FC2-BF27-FDBAEFD6C55C}.Release|Any CPU.ActiveCfg = Release|Any CPU
		{B24CDF12-A6C6-4FC2-BF27-FDBAEFD6C55C}.Release|Any CPU.Build.0 = Release|Any CPU
		{B24CDF12-A6C6-4FC2-BF27-FDBAEFD6C55C}.Release|x64.ActiveCfg = Release|Any CPU
		{B24CDF12-A6C6-4FC2-BF27-FDBAEFD6C55C}.Release|x64.Build.0 = Release|Any CPU
		{B24CDF12-A6C6-4FC2-BF27-FDBAEFD6C55C}.Release|x86.ActiveCfg = Release|Any CPU
		{B24CDF12-A6C6-4FC2-BF27-FDBAEFD6C55C}.Release|x86.Build.0 = Release|Any CPU
	EndGlobalSection
	GlobalSection(SolutionProperties) = preSolution
		HideSolutionNode = FALSE
	EndGlobalSection
EndGlobal
